
Microsoft Visual Studio Solution File, Format Version 12.00
Project("{FAE04EC0-301F-11D3-BF4B-00C04F79EFBC}") = "GoapLib", "GoapLib\GoapLib.csproj", "{09F24622-0AEB-4E2C-B94D-69B113357ACD}"
EndProject
Project("{FAE04EC0-301F-11D3-BF4B-00C04F79EFBC}") = "GoapLib.Tests", "GoapLib.Tests\GoapLib.Tests.csproj", "{1A2917A7-A213-4FC8-8AC7-FDD633969833}"
EndProject
Global
	GlobalSection(SolutionConfigurationPlatforms) = preSolution
		Debug|Any CPU = Debug|Any CPU
		Release|Any CPU = Release|Any CPU
	EndGlobalSection
	GlobalSection(ProjectConfigurationPlatforms) = postSolution
		{09F24622-0AEB-4E2C-B94D-69B113357ACD}.Debug|Any CPU.ActiveCfg = Debug|Any CPU
		{09F24622-0AEB-4E2C-B94D-69B113357ACD}.Debug|Any CPU.Build.0 = Debug|Any CPU
		{09F24622-0AEB-4E2C-B94D-69B113357ACD}.Release|Any CPU.ActiveCfg = Release|Any CPU
		{09F24622-0AEB-4E2C-B94D-69B113357ACD}.Release|Any CPU.Build.0 = Release|Any CPU
		{1A2917A7-A213-4FC8-8AC7-FDD633969833}.Debug|Any CPU.ActiveCfg = Debug|Any CPU
		{1A2917A7-A213-4FC8-8AC7-FDD633969833}.Debug|Any CPU.Build.0 = Debug|Any CPU
		{1A2917A7-A213-4FC8-8AC7-FDD633969833}.Release|Any CPU.ActiveCfg = Release|Any CPU
		{1A2917A7-A213-4FC8-8AC7-FDD633969833}.Release|Any CPU.Build.0 = Release|Any CPU
	EndGlobalSection
EndGlobal
